{
  "name": "state",
  "lockfileVersion": 3,
  "requires": true,
  "packages": {
    "": {
      "dependencies": {
        "immer": "^11.0.1"
      }
    },
    "node_modules/immer": {
      "version": "11.0.1",
      "resolved": "https://registry.npmjs.org/immer/-/immer-11.0.1.tgz",
      "integrity": "sha512-naDCyggtcBWANtIrjQEajhhBEuL9b0Zg4zmlWK2CzS6xCWSE39/vvf4LqnMjUAWHBhot4m9MHCM/Z+mfWhUkiA==",
      "license": "MIT",
      "funding": {
        "type": "opencollective",
        "url": "https://opencollective.com/immer"
      }
    }
  }
}
